// !$*UTF8*$!
{
	archiveVersion = 1;
	classes = {};
	objectVersion = 54;
	objects = {
		/* Begin PBXGroup section */
		ABCDEF0123456789ABCDEF01 = {
			isa = PBXGroup;
			children = ();
			sourceTree = "<group>";
		};
		/* End PBXGroup section */
		/* Begin PBXProject section */
		ABCDEF0123456789ABCDEF02 = {
			isa = PBXProject;
			mainGroup = ABCDEF0123456789ABCDEF01;
			projectDirPath = "";
			projectRoot = "";
			targets = ();
		};
		/* End PBXProject section */
	};
	rootObject = ABCDEF0123456789ABCDEF02;
}
